
Microsoft Visual Studio Solution File, Format Version 12.00
# Visual Studio Version 16
VisualStudioVersion = 16.0.31313.79
MinimumVisualStudioVersion = 10.0.40219.1
Project("{FAE04EC0-301F-11D3-BF4B-00C04F79EFBC}") = "Week4.EsercitazioneWebServices.Core", "Week4.EsercitazioneWebServices.Core\Week4.EsercitazioneWebServices.Core.csproj", "{306FDDD5-4E50-4D61-BF9C-BE84F0F65CE8}"
EndProject
Project("{FAE04EC0-301F-11D3-BF4B-00C04F79EFBC}") = "Week4.Esercitazione.WebServices.CoreEF", "Week4.Esercitazione.WebServices.CoreEF\Week4.Esercitazione.WebServices.CoreEF.csproj", "{E907BA89-8B11-49EC-B247-66255C6D562E}"
EndProject
Project("{FAE04EC0-301F-11D3-BF4B-00C04F79EFBC}") = "Week4.Esercitazione.WebServices.WCF", "WcfServiceLibrary1\Week4.Esercitazione.WebServices.WCF.csproj", "{100150CA-548C-4053-BD2F-39C1FC6AC3C6}"
EndProject
Project("{FAE04EC0-301F-11D3-BF4B-00C04F79EFBC}") = "Week4.Esercitazione.WebServices.API", "Week4.Esercitazione.WebServices.API\Week4.Esercitazione.WebServices.API.csproj", "{AFB51503-181C-48E8-B03D-CBD5689C5316}"
EndProject
Project("{FAE04EC0-301F-11D3-BF4B-00C04F79EFBC}") = "Week4.EsercitazioneWebServices.ShopCLient", "Week4.EsercitazioneWebServices.ShopCLient\Week4.EsercitazioneWebServices.ShopCLient.csproj", "{4FE70FE3-9D8D-40EF-BE1E-DA1233298E1C}"
EndProject
Global
	GlobalSection(SolutionConfigurationPlatforms) = preSolution
		Debug|Any CPU = Debug|Any CPU
		Release|Any CPU = Release|Any CPU
	EndGlobalSection
	GlobalSection(ProjectConfigurationPlatforms) = postSolution
		{306FDDD5-4E50-4D61-BF9C-BE84F0F65CE8}.Debug|Any CPU.ActiveCfg = Debug|Any CPU
		{306FDDD5-4E50-4D61-BF9C-BE84F0F65CE8}.Debug|Any CPU.Build.0 = Debug|Any CPU
		{306FDDD5-4E50-4D61-BF9C-BE84F0F65CE8}.Release|Any CPU.ActiveCfg = Release|Any CPU
		{306FDDD5-4E50-4D61-BF9C-BE84F0F65CE8}.Release|Any CPU.Build.0 = Release|Any CPU
		{E907BA89-8B11-49EC-B247-66255C6D562E}.Debug|Any CPU.ActiveCfg = Debug|Any CPU
		{E907BA89-8B11-49EC-B247-66255C6D562E}.Debug|Any CPU.Build.0 = Debug|Any CPU
		{E907BA89-8B11-49EC-B247-66255C6D562E}.Release|Any CPU.ActiveCfg = Release|Any CPU
		{E907BA89-8B11-49EC-B247-66255C6D562E}.Release|Any CPU.Build.0 = Release|Any CPU
		{100150CA-548C-4053-BD2F-39C1FC6AC3C6}.Debug|Any CPU.ActiveCfg = Debug|Any CPU
		{100150CA-548C-4053-BD2F-39C1FC6AC3C6}.Debug|Any CPU.Build.0 = Debug|Any CPU
		{100150CA-548C-4053-BD2F-39C1FC6AC3C6}.Release|Any CPU.ActiveCfg = Release|Any CPU
		{100150CA-548C-4053-BD2F-39C1FC6AC3C6}.Release|Any CPU.Build.0 = Release|Any CPU
		{AFB51503-181C-48E8-B03D-CBD5689C5316}.Debug|Any CPU.ActiveCfg = Debug|Any CPU
		{AFB51503-181C-48E8-B03D-CBD5689C5316}.Debug|Any CPU.Build.0 = Debug|Any CPU
		{AFB51503-181C-48E8-B03D-CBD5689C5316}.Release|Any CPU.ActiveCfg = Release|Any CPU
		{AFB51503-181C-48E8-B03D-CBD5689C5316}.Release|Any CPU.Build.0 = Release|Any CPU
		{4FE70FE3-9D8D-40EF-BE1E-DA1233298E1C}.Debug|Any CPU.ActiveCfg = Debug|Any CPU
		{4FE70FE3-9D8D-40EF-BE1E-DA1233298E1C}.Debug|Any CPU.Build.0 = Debug|Any CPU
		{4FE70FE3-9D8D-40EF-BE1E-DA1233298E1C}.Release|Any CPU.ActiveCfg = Release|Any CPU
		{4FE70FE3-9D8D-40EF-BE1E-DA1233298E1C}.Release|Any CPU.Build.0 = Release|Any CPU
	EndGlobalSection
	GlobalSection(SolutionProperties) = preSolution
		HideSolutionNode = FALSE
	EndGlobalSection
	GlobalSection(ExtensibilityGlobals) = postSolution
		SolutionGuid = {30AAA561-375F-418D-B4EF-54FA4C62BF3A}
	EndGlobalSection
EndGlobal
